
Microsoft Visual Studio Solution File, Format Version 11.00
# Visual Studio 2010
Project("{FAE04EC0-301F-11D3-BF4B-00C04F79EFBC}") = "Assembly-CSharp", "Assembly-CSharp.csproj", "{2fc0bb0e-0eac-3b77-1d8c-9c2fea8df10a}"
EndProject
Project("{FAE04EC0-301F-11D3-BF4B-00C04F79EFBC}") = "Assembly-CSharp-Editor", "Assembly-CSharp-Editor.csproj", "{30203fbf-8bcc-94c0-4e90-5828944c12e2}"
EndProject
Global
	GlobalSection(SolutionConfigurationPlatforms) = preSolution
		Debug|Any CPU = Debug|Any CPU
		Release|Any CPU = Release|Any CPU
	EndGlobalSection
	GlobalSection(ProjectConfigurationPlatforms) = postSolution
		{2fc0bb0e-0eac-3b77-1d8c-9c2fea8df10a}.Debug|Any CPU.ActiveCfg = Debug|Any CPU
		{2fc0bb0e-0eac-3b77-1d8c-9c2fea8df10a}.Debug|Any CPU.Build.0 = Debug|Any CPU
		{2fc0bb0e-0eac-3b77-1d8c-9c2fea8df10a}.Release|Any CPU.ActiveCfg = Release|Any CPU
		{2fc0bb0e-0eac-3b77-1d8c-9c2fea8df10a}.Release|Any CPU.Build.0 = Release|Any CPU
		{30203fbf-8bcc-94c0-4e90-5828944c12e2}.Debug|Any CPU.ActiveCfg = Debug|Any CPU
		{30203fbf-8bcc-94c0-4e90-5828944c12e2}.Debug|Any CPU.Build.0 = Debug|Any CPU
		{30203fbf-8bcc-94c0-4e90-5828944c12e2}.Release|Any CPU.ActiveCfg = Release|Any CPU
		{30203fbf-8bcc-94c0-4e90-5828944c12e2}.Release|Any CPU.Build.0 = Release|Any CPU
	EndGlobalSection
	GlobalSection(SolutionProperties) = preSolution
		HideSolutionNode = FALSE
	EndGlobalSection
EndGlobal
