
Microsoft Visual Studio Solution File, Format Version 11.00
# Visual Studio 2010
Project("{FAE04EC0-301F-11D3-BF4B-00C04F79EFBC}") = "Assembly-CSharp", "Assembly-CSharp.csproj", "{a5db935c-f91d-936f-5174-85b354bd04a4}"
EndProject
Project("{FAE04EC0-301F-11D3-BF4B-00C04F79EFBC}") = "Assembly-CSharp-Editor", "Assembly-CSharp-Editor.csproj", "{b3e33173-cf55-2412-4fac-489a36f6a5cb}"
EndProject
Global
	GlobalSection(SolutionConfigurationPlatforms) = preSolution
		Debug|Any CPU = Debug|Any CPU
		Release|Any CPU = Release|Any CPU
	EndGlobalSection
	GlobalSection(ProjectConfigurationPlatforms) = postSolution
		{a5db935c-f91d-936f-5174-85b354bd04a4}.Debug|Any CPU.ActiveCfg = Debug|Any CPU
		{a5db935c-f91d-936f-5174-85b354bd04a4}.Debug|Any CPU.Build.0 = Debug|Any CPU
		{a5db935c-f91d-936f-5174-85b354bd04a4}.Release|Any CPU.ActiveCfg = Release|Any CPU
		{a5db935c-f91d-936f-5174-85b354bd04a4}.Release|Any CPU.Build.0 = Release|Any CPU
		{b3e33173-cf55-2412-4fac-489a36f6a5cb}.Debug|Any CPU.ActiveCfg = Debug|Any CPU
		{b3e33173-cf55-2412-4fac-489a36f6a5cb}.Debug|Any CPU.Build.0 = Debug|Any CPU
		{b3e33173-cf55-2412-4fac-489a36f6a5cb}.Release|Any CPU.ActiveCfg = Release|Any CPU
		{b3e33173-cf55-2412-4fac-489a36f6a5cb}.Release|Any CPU.Build.0 = Release|Any CPU
	EndGlobalSection
	GlobalSection(SolutionProperties) = preSolution
		HideSolutionNode = FALSE
	EndGlobalSection
EndGlobal
